
Microsoft Visual Studio Solution File, Format Version 12.00
# Visual Studio Version 17
VisualStudioVersion = 17.0.31903.59
MinimumVisualStudioVersion = 10.0.40219.1
Project("{2150E333-8FDC-42A3-9474-1A3956D46DE8}") = "src", "src", "{1488E87A-3BB2-4778-812E-5701C601B818}"
EndProject
Project("{2150E333-8FDC-42A3-9474-1A3956D46DE8}") = "deployment", "deployment", "{679577B7-07D6-45DA-83FB-9253C4D83074}"
EndProject
Project("{2150E333-8FDC-42A3-9474-1A3956D46DE8}") = "test", "test", "{E5D9CF7E-F60D-48BF-9745-F2B7EB0A7157}"
EndProject
Project("{2150E333-8FDC-42A3-9474-1A3956D46DE8}") = "users", "users", "{A85C1627-5B07-448E-A7DA-EDC8B5E7A0A8}"
EndProject
Project("{2150E333-8FDC-42A3-9474-1A3956D46DE8}") = "games", "games", "{2146E816-D887-436A-9289-A41219C5ED7A}"
EndProject
Project("{2150E333-8FDC-42A3-9474-1A3956D46DE8}") = "advertisments", "advertisments", "{61EF076F-9332-4C0B-AABE-1EB5DA2CAD1B}"
EndProject
Project("{FAE04EC0-301F-11D3-BF4B-00C04F79EFBC}") = "Users.API", "src\users\Users.API\Users.API.csproj", "{FB8A9690-C9EE-4F54-A574-F0F97BAAF8F1}"
EndProject
Project("{FAE04EC0-301F-11D3-BF4B-00C04F79EFBC}") = "Games.API", "src\games\Games.API\Games.API.csproj", "{28C00F4F-5BF8-4E97-BC3C-F70619869422}"
EndProject
Project("{FAE04EC0-301F-11D3-BF4B-00C04F79EFBC}") = "Games.Infrastructure", "src\games\Games.Infrastructure\Games.Infrastructure.csproj", "{322A003C-890F-4A29-BB2B-D2888C11E620}"
EndProject
Project("{FAE04EC0-301F-11D3-BF4B-00C04F79EFBC}") = "Games.Application", "src\games\Games.Application\Games.Application.csproj", "{8CE53DA5-554E-4682-B6C7-7B972E71096E}"
EndProject
Project("{FAE04EC0-301F-11D3-BF4B-00C04F79EFBC}") = "Games.Domain", "src\games\Games.Domain\Games.Domain.csproj", "{F637CDC6-0EA1-4885-BD05-7F8292D1B473}"
EndProject
Project("{FAE04EC0-301F-11D3-BF4B-00C04F79EFBC}") = "Users.Infrastructure", "src\users\Users.Infrastructure\Users.Infrastructure.csproj", "{9EBF813B-85F4-424E-AC34-F58725CE4962}"
EndProject
Project("{FAE04EC0-301F-11D3-BF4B-00C04F79EFBC}") = "Users.Application", "src\users\Users.Application\Users.Application.csproj", "{26AB45DA-1EB9-4CB3-9C13-0395B35CDF7E}"
EndProject
Project("{FAE04EC0-301F-11D3-BF4B-00C04F79EFBC}") = "Users.Domain", "src\users\Users.Domain\Users.Domain.csproj", "{A50E6DDE-A9B6-4C8B-BF2C-E4E57AFA34A4}"
EndProject
Project("{FAE04EC0-301F-11D3-BF4B-00C04F79EFBC}") = "Advertisements.Infrastructure", "src\advertisments\Advertisements.Infrastructure\Advertisements.Infrastructure.csproj", "{8A8E8225-5910-45E0-B6C5-93E463FB496C}"
EndProject
Project("{FAE04EC0-301F-11D3-BF4B-00C04F79EFBC}") = "Advertisements.API", "src\advertisments\Advertisements.API\Advertisements.API.csproj", "{6C8B4B42-B71A-41BC-A705-ABEDF9A20907}"
EndProject
Project("{FAE04EC0-301F-11D3-BF4B-00C04F79EFBC}") = "Advertisements.Application", "src\advertisments\Advertisements.Application\Advertisements.Application.csproj", "{7164359D-D1EC-41B6-82F6-77704F507D67}"
EndProject
Project("{FAE04EC0-301F-11D3-BF4B-00C04F79EFBC}") = "Advertisements.Domain", "src\advertisments\Advertisements.Domain\Advertisements.Domain.csproj", "{B59C3E51-2420-447A-BA06-A9EB21E6A4D1}"
EndProject
Global
	GlobalSection(SolutionConfigurationPlatforms) = preSolution
		Debug|Any CPU = Debug|Any CPU
		Release|Any CPU = Release|Any CPU
	EndGlobalSection
	GlobalSection(ProjectConfigurationPlatforms) = postSolution
		{FB8A9690-C9EE-4F54-A574-F0F97BAAF8F1}.Debug|Any CPU.ActiveCfg = Debug|Any CPU
		{FB8A9690-C9EE-4F54-A574-F0F97BAAF8F1}.Debug|Any CPU.Build.0 = Debug|Any CPU
		{FB8A9690-C9EE-4F54-A574-F0F97BAAF8F1}.Release|Any CPU.ActiveCfg = Release|Any CPU
		{FB8A9690-C9EE-4F54-A574-F0F97BAAF8F1}.Release|Any CPU.Build.0 = Release|Any CPU
		{28C00F4F-5BF8-4E97-BC3C-F70619869422}.Debug|Any CPU.ActiveCfg = Debug|Any CPU
		{28C00F4F-5BF8-4E97-BC3C-F70619869422}.Debug|Any CPU.Build.0 = Debug|Any CPU
		{28C00F4F-5BF8-4E97-BC3C-F70619869422}.Release|Any CPU.ActiveCfg = Release|Any CPU
		{28C00F4F-5BF8-4E97-BC3C-F70619869422}.Release|Any CPU.Build.0 = Release|Any CPU
		{322A003C-890F-4A29-BB2B-D2888C11E620}.Debug|Any CPU.ActiveCfg = Debug|Any CPU
		{322A003C-890F-4A29-BB2B-D2888C11E620}.Debug|Any CPU.Build.0 = Debug|Any CPU
		{322A003C-890F-4A29-BB2B-D2888C11E620}.Release|Any CPU.ActiveCfg = Release|Any CPU
		{322A003C-890F-4A29-BB2B-D2888C11E620}.Release|Any CPU.Build.0 = Release|Any CPU
		{8CE53DA5-554E-4682-B6C7-7B972E71096E}.Debug|Any CPU.ActiveCfg = Debug|Any CPU
		{8CE53DA5-554E-4682-B6C7-7B972E71096E}.Debug|Any CPU.Build.0 = Debug|Any CPU
		{8CE53DA5-554E-4682-B6C7-7B972E71096E}.Release|Any CPU.ActiveCfg = Release|Any CPU
		{8CE53DA5-554E-4682-B6C7-7B972E71096E}.Release|Any CPU.Build.0 = Release|Any CPU
		{F637CDC6-0EA1-4885-BD05-7F8292D1B473}.Debug|Any CPU.ActiveCfg = Debug|Any CPU
		{F637CDC6-0EA1-4885-BD05-7F8292D1B473}.Debug|Any CPU.Build.0 = Debug|Any CPU
		{F637CDC6-0EA1-4885-BD05-7F8292D1B473}.Release|Any CPU.ActiveCfg = Release|Any CPU
		{F637CDC6-0EA1-4885-BD05-7F8292D1B473}.Release|Any CPU.Build.0 = Release|Any CPU
		{9EBF813B-85F4-424E-AC34-F58725CE4962}.Debug|Any CPU.ActiveCfg = Debug|Any CPU
		{9EBF813B-85F4-424E-AC34-F58725CE4962}.Debug|Any CPU.Build.0 = Debug|Any CPU
		{9EBF813B-85F4-424E-AC34-F58725CE4962}.Release|Any CPU.ActiveCfg = Release|Any CPU
		{9EBF813B-85F4-424E-AC34-F58725CE4962}.Release|Any CPU.Build.0 = Release|Any CPU
		{26AB45DA-1EB9-4CB3-9C13-0395B35CDF7E}.Debug|Any CPU.ActiveCfg = Debug|Any CPU
		{26AB45DA-1EB9-4CB3-9C13-0395B35CDF7E}.Debug|Any CPU.Build.0 = Debug|Any CPU
		{26AB45DA-1EB9-4CB3-9C13-0395B35CDF7E}.Release|Any CPU.ActiveCfg = Release|Any CPU
		{26AB45DA-1EB9-4CB3-9C13-0395B35CDF7E}.Release|Any CPU.Build.0 = Release|Any CPU
		{A50E6DDE-A9B6-4C8B-BF2C-E4E57AFA34A4}.Debug|Any CPU.ActiveCfg = Debug|Any CPU
		{A50E6DDE-A9B6-4C8B-BF2C-E4E57AFA34A4}.Debug|Any CPU.Build.0 = Debug|Any CPU
		{A50E6DDE-A9B6-4C8B-BF2C-E4E57AFA34A4}.Release|Any CPU.ActiveCfg = Release|Any CPU
		{A50E6DDE-A9B6-4C8B-BF2C-E4E57AFA34A4}.Release|Any CPU.Build.0 = Release|Any CPU
		{8A8E8225-5910-45E0-B6C5-93E463FB496C}.Debug|Any CPU.ActiveCfg = Debug|Any CPU
		{8A8E8225-5910-45E0-B6C5-93E463FB496C}.Debug|Any CPU.Build.0 = Debug|Any CPU
		{8A8E8225-5910-45E0-B6C5-93E463FB496C}.Release|Any CPU.ActiveCfg = Release|Any CPU
		{8A8E8225-5910-45E0-B6C5-93E463FB496C}.Release|Any CPU.Build.0 = Release|Any CPU
		{6C8B4B42-B71A-41BC-A705-ABEDF9A20907}.Debug|Any CPU.ActiveCfg = Debug|Any CPU
		{6C8B4B42-B71A-41BC-A705-ABEDF9A20907}.Debug|Any CPU.Build.0 = Debug|Any CPU
		{6C8B4B42-B71A-41BC-A705-ABEDF9A20907}.Release|Any CPU.ActiveCfg = Release|Any CPU
		{6C8B4B42-B71A-41BC-A705-ABEDF9A20907}.Release|Any CPU.Build.0 = Release|Any CPU
		{7164359D-D1EC-41B6-82F6-77704F507D67}.Debug|Any CPU.ActiveCfg = Debug|Any CPU
		{7164359D-D1EC-41B6-82F6-77704F507D67}.Debug|Any CPU.Build.0 = Debug|Any CPU
		{7164359D-D1EC-41B6-82F6-77704F507D67}.Release|Any CPU.ActiveCfg = Release|Any CPU
		{7164359D-D1EC-41B6-82F6-77704F507D67}.Release|Any CPU.Build.0 = Release|Any CPU
		{B59C3E51-2420-447A-BA06-A9EB21E6A4D1}.Debug|Any CPU.ActiveCfg = Debug|Any CPU
		{B59C3E51-2420-447A-BA06-A9EB21E6A4D1}.Debug|Any CPU.Build.0 = Debug|Any CPU
		{B59C3E51-2420-447A-BA06-A9EB21E6A4D1}.Release|Any CPU.ActiveCfg = Release|Any CPU
		{B59C3E51-2420-447A-BA06-A9EB21E6A4D1}.Release|Any CPU.Build.0 = Release|Any CPU
	EndGlobalSection
	GlobalSection(SolutionProperties) = preSolution
		HideSolutionNode = FALSE
	EndGlobalSection
	GlobalSection(NestedProjects) = preSolution
		{A85C1627-5B07-448E-A7DA-EDC8B5E7A0A8} = {1488E87A-3BB2-4778-812E-5701C601B818}
		{2146E816-D887-436A-9289-A41219C5ED7A} = {1488E87A-3BB2-4778-812E-5701C601B818}
		{61EF076F-9332-4C0B-AABE-1EB5DA2CAD1B} = {1488E87A-3BB2-4778-812E-5701C601B818}
		{FB8A9690-C9EE-4F54-A574-F0F97BAAF8F1} = {A85C1627-5B07-448E-A7DA-EDC8B5E7A0A8}
		{28C00F4F-5BF8-4E97-BC3C-F70619869422} = {2146E816-D887-436A-9289-A41219C5ED7A}
		{322A003C-890F-4A29-BB2B-D2888C11E620} = {2146E816-D887-436A-9289-A41219C5ED7A}
		{8CE53DA5-554E-4682-B6C7-7B972E71096E} = {2146E816-D887-436A-9289-A41219C5ED7A}
		{F637CDC6-0EA1-4885-BD05-7F8292D1B473} = {2146E816-D887-436A-9289-A41219C5ED7A}
		{9EBF813B-85F4-424E-AC34-F58725CE4962} = {A85C1627-5B07-448E-A7DA-EDC8B5E7A0A8}
		{26AB45DA-1EB9-4CB3-9C13-0395B35CDF7E} = {A85C1627-5B07-448E-A7DA-EDC8B5E7A0A8}
		{A50E6DDE-A9B6-4C8B-BF2C-E4E57AFA34A4} = {A85C1627-5B07-448E-A7DA-EDC8B5E7A0A8}
		{8A8E8225-5910-45E0-B6C5-93E463FB496C} = {61EF076F-9332-4C0B-AABE-1EB5DA2CAD1B}
		{6C8B4B42-B71A-41BC-A705-ABEDF9A20907} = {61EF076F-9332-4C0B-AABE-1EB5DA2CAD1B}
		{7164359D-D1EC-41B6-82F6-77704F507D67} = {61EF076F-9332-4C0B-AABE-1EB5DA2CAD1B}
		{B59C3E51-2420-447A-BA06-A9EB21E6A4D1} = {61EF076F-9332-4C0B-AABE-1EB5DA2CAD1B}
	EndGlobalSection
	GlobalSection(ExtensibilityGlobals) = postSolution
		SolutionGuid = {C3F20A5F-C5E0-45E8-A739-B19070009F4F}
	EndGlobalSection
EndGlobal
